
Microsoft Visual Studio Solution File, Format Version 12.00
# Visual Studio 15
VisualStudioVersion = 15.0.28307.329
MinimumVisualStudioVersion = 10.0.40219.1
Project("{FAE04EC0-301F-11D3-BF4B-00C04F79EFBC}") = "Snackboxx", "Snackboxx\Snackboxx.csproj", "{B51CC832-2545-4415-97DE-0D501DDB14C2}"
EndProject
Project("{FAE04EC0-301F-11D3-BF4B-00C04F79EFBC}") = "Snackboxx Service", "Snackboxx Service\Snackboxx Service.csproj", "{0A68EA22-4C80-404D-A4DB-0DA2794B2C6F}"
EndProject
Project("{FAE04EC0-301F-11D3-BF4B-00C04F79EFBC}") = "ReadScannerCode", "ReadScannerCode\ReadScannerCode.csproj", "{CC3E71BB-8578-4321-B2E7-E8244F23BDF3}"
EndProject
Project("{FAE04EC0-301F-11D3-BF4B-00C04F79EFBC}") = "Snackboxx.Core", "Snackboxx.Core\Snackboxx.Core.csproj", "{13033E4E-2AD5-40DC-8F05-0FE2D54668A8}"
EndProject
Project("{FAE04EC0-301F-11D3-BF4B-00C04F79EFBC}") = "SnackBoxxWeb", "SnackBoxxWeb\SnackBoxxWeb.csproj", "{7A48D210-4106-4EAA-B26C-0463988BF49E}"
EndProject
Global
	GlobalSection(SolutionConfigurationPlatforms) = preSolution
		Debug|Any CPU = Debug|Any CPU
		Release|Any CPU = Release|Any CPU
	EndGlobalSection
	GlobalSection(ProjectConfigurationPlatforms) = postSolution
		{B51CC832-2545-4415-97DE-0D501DDB14C2}.Debug|Any CPU.ActiveCfg = Debug|Any CPU
		{B51CC832-2545-4415-97DE-0D501DDB14C2}.Debug|Any CPU.Build.0 = Debug|Any CPU
		{B51CC832-2545-4415-97DE-0D501DDB14C2}.Release|Any CPU.ActiveCfg = Release|Any CPU
		{B51CC832-2545-4415-97DE-0D501DDB14C2}.Release|Any CPU.Build.0 = Release|Any CPU
		{0A68EA22-4C80-404D-A4DB-0DA2794B2C6F}.Debug|Any CPU.ActiveCfg = Debug|Any CPU
		{0A68EA22-4C80-404D-A4DB-0DA2794B2C6F}.Debug|Any CPU.Build.0 = Debug|Any CPU
		{0A68EA22-4C80-404D-A4DB-0DA2794B2C6F}.Release|Any CPU.ActiveCfg = Release|Any CPU
		{0A68EA22-4C80-404D-A4DB-0DA2794B2C6F}.Release|Any CPU.Build.0 = Release|Any CPU
		{CC3E71BB-8578-4321-B2E7-E8244F23BDF3}.Debug|Any CPU.ActiveCfg = Debug|Any CPU
		{CC3E71BB-8578-4321-B2E7-E8244F23BDF3}.Debug|Any CPU.Build.0 = Debug|Any CPU
		{CC3E71BB-8578-4321-B2E7-E8244F23BDF3}.Release|Any CPU.ActiveCfg = Release|Any CPU
		{CC3E71BB-8578-4321-B2E7-E8244F23BDF3}.Release|Any CPU.Build.0 = Release|Any CPU
		{13033E4E-2AD5-40DC-8F05-0FE2D54668A8}.Debug|Any CPU.ActiveCfg = Debug|Any CPU
		{13033E4E-2AD5-40DC-8F05-0FE2D54668A8}.Debug|Any CPU.Build.0 = Debug|Any CPU
		{13033E4E-2AD5-40DC-8F05-0FE2D54668A8}.Release|Any CPU.ActiveCfg = Release|Any CPU
		{13033E4E-2AD5-40DC-8F05-0FE2D54668A8}.Release|Any CPU.Build.0 = Release|Any CPU
		{7A48D210-4106-4EAA-B26C-0463988BF49E}.Debug|Any CPU.ActiveCfg = Debug|Any CPU
		{7A48D210-4106-4EAA-B26C-0463988BF49E}.Debug|Any CPU.Build.0 = Debug|Any CPU
		{7A48D210-4106-4EAA-B26C-0463988BF49E}.Release|Any CPU.ActiveCfg = Release|Any CPU
		{7A48D210-4106-4EAA-B26C-0463988BF49E}.Release|Any CPU.Build.0 = Release|Any CPU
	EndGlobalSection
	GlobalSection(SolutionProperties) = preSolution
		HideSolutionNode = FALSE
	EndGlobalSection
	GlobalSection(ExtensibilityGlobals) = postSolution
		SolutionGuid = {AAA7CE42-4EB7-4F83-B5E7-9A654B2263C2}
	EndGlobalSection
EndGlobal
